// !$*UTF8*$!
{
	archiveVersion = 1;
	classes = {
	};
	objectVersion = 50;
	objects = {

/* Begin PBXBuildFile section */
		2246217622218D0B00AB779D /* AppDelegate.swift in Sources */ = {isa = PBXBuildFile; fileRef = 2246217522218D0B00AB779D /* AppDelegate.swift */; };
		2246217822218D0B00AB779D /* ViewController.swift in Sources */ = {isa = PBXBuildFile; fileRef = 2246217722218D0B00AB779D /* ViewController.swift */; };
		2246217B22218D0B00AB779D /* Main.storyboard in Resources */ = {isa = PBXBuildFile; fileRef = 2246217922218D0B00AB779D /* Main.storyboard */; };
		2246217D22218D0D00AB779D /* Assets.xcassets in Resources */ = {isa = PBXBuildFile; fileRef = 2246217C22218D0D00AB779D /* Assets.xcassets */; };
		2246218022218D0D00AB779D /* LaunchScreen.storyboard in Resources */ = {isa = PBXBuildFile; fileRef = 2246217E22218D0D00AB779D /* LaunchScreen.storyboard */; };
		2246218B22218D0D00AB779D /* ChinaTests.swift in Sources */ = {isa = PBXBuildFile; fileRef = 2246218A22218D0D00AB779D /* ChinaTests.swift */; };
		2246219622218D0D00AB779D /* ChinaUITests.swift in Sources */ = {isa = PBXBuildFile; fileRef = 2246219522218D0D00AB779D /* ChinaUITests.swift */; };
/* End PBXBuildFile section */

/* Begin PBXContainerItemProxy section */
		2246218722218D0D00AB779D /* PBXContainerItemProxy */ = {
			isa = PBXContainerItemProxy;
			containerPortal = 2246216A22218D0B00AB779D /* Project object */;
			proxyType = 1;
			remoteGlobalIDString = 2246217122218D0B00AB779D;
			remoteInfo = China;
		};
		2246219222218D0D00AB779D /* PBXContainerItemProxy */ = {
			isa = PBXContainerItemProxy;
			containerPortal = 2246216A22218D0B00AB779D /* Project object */;
			proxyType = 1;
			remoteGlobalIDString = 2246217122218D0B00AB779D;
			remoteInfo = China;
		};
/* End PBXContainerItemProxy section */

/* Begin PBXFileReference section */
		2246217222218D0B00AB779D /* China.app */ = {isa = PBXFileReference; explicitFileType = wrapper.application; includeInIndex = 0; path = China.app; sourceTree = BUILT_PRODUCTS_DIR; };
		2246217522218D0B00AB779D /* AppDelegate.swift */ = {isa = PBXFileReference; lastKnownFileType = sourcecode.swift; path = AppDelegate.swift; sourceTree = "<group>"; };
		2246217722218D0B00AB779D /* ViewController.swift */ = {isa = PBXFileReference; lastKnownFileType = sourcecode.swift; path = ViewController.swift; sourceTree = "<group>"; };
		2246217A22218D0B00AB779D /* Base */ = {isa = PBXFileReference; lastKnownFileType = file.storyboard; name = Base; path = Base.lproj/Main.storyboard; sourceTree = "<group>"; };
		2246217C22218D0D00AB779D /* Assets.xcassets */ = {isa = PBXFileReference; lastKnownFileType = folder.assetcatalog; path = Assets.xcassets; sourceTree = "<group>"; };
		2246217F22218D0D00AB779D /* Base */ = {isa = PBXFileReference; lastKnownFileType = file.storyboard; name = Base; path = Base.lproj/LaunchScreen.storyboard; sourceTree = "<group>"; };
		2246218122218D0D00AB779D /* Info.plist */ = {isa = PBXFileReference; lastKnownFileType = text.plist.xml; path = Info.plist; sourceTree = "<group>"; };
		2246218622218D0D00AB779D /* ChinaTests.xctest */ = {isa = PBXFileReference; explicitFileType = wrapper.cfbundle; includeInIndex = 0; path = ChinaTests.xctest; sourceTree = BUILT_PRODUCTS_DIR; };
		2246218A22218D0D00AB779D /* ChinaTests.swift */ = {isa = PBXFileReference; lastKnownFileType = sourcecode.swift; path = ChinaTests.swift; sourceTree = "<group>"; };
		2246218C22218D0D00AB779D /* Info.plist */ = {isa = PBXFileReference; lastKnownFileType = text.plist.xml; path = Info.plist; sourceTree = "<group>"; };
		2246219122218D0D00AB779D /* ChinaUITests.xctest */ = {isa = PBXFileReference; explicitFileType = wrapper.cfbundle; includeInIndex = 0; path = ChinaUITests.xctest; sourceTree = BUILT_PRODUCTS_DIR; };
		2246219522218D0D00AB779D /* ChinaUITests.swift */ = {isa = PBXFileReference; lastKnownFileType = sourcecode.swift; path = ChinaUITests.swift; sourceTree = "<group>"; };
		2246219722218D0D00AB779D /* Info.plist */ = {isa = PBXFileReference; lastKnownFileType = text.plist.xml; path = Info.plist; sourceTree = "<group>"; };
/* End PBXFileReference section */

/* Begin PBXFrameworksBuildPhase section */
		2246216F22218D0B00AB779D /* Frameworks */ = {
			isa = PBXFrameworksBuildPhase;
			buildActionMask = 2147483647;
			files = (
			);
			runOnlyForDeploymentPostprocessing = 0;
		};
		2246218322218D0D00AB779D /* Frameworks */ = {
			isa = PBXFrameworksBuildPhase;
			buildActionMask = 2147483647;
			files = (
			);
			runOnlyForDeploymentPostprocessing = 0;
		};
		2246218E22218D0D00AB779D /* Frameworks */ = {
			isa = PBXFrameworksBuildPhase;
			buildActionMask = 2147483647;
			files = (
			);
			runOnlyForDeploymentPostprocessing = 0;
		};
/* End PBXFrameworksBuildPhase section */

/* Begin PBXGroup section */
		2246216922218D0B00AB779D = {
			isa = PBXGroup;
			children = (
				2246217422218D0B00AB779D /* China */,
				2246218922218D0D00AB779D /* ChinaTests */,
				2246219422218D0D00AB779D /* ChinaUITests */,
				2246217322218D0B00AB779D /* Products */,
			);
			sourceTree = "<group>";
		};
		2246217322218D0B00AB779D /* Products */ = {
			isa = PBXGroup;
			children = (
				2246217222218D0B00AB779D /* China.app */,
				2246218622218D0D00AB779D /* ChinaTests.xctest */,
				2246219122218D0D00AB779D /* ChinaUITests.xctest */,
			);
			name = Products;
			sourceTree = "<group>";
		};
		2246217422218D0B00AB779D /* China */ = {
			isa = PBXGroup;
			children = (
				2246217522218D0B00AB779D /* AppDelegate.swift */,
				2246217722218D0B00AB779D /* ViewController.swift */,
				2246217922218D0B00AB779D /* Main.storyboard */,
				2246217C22218D0D00AB779D /* Assets.xcassets */,
				2246217E22218D0D00AB779D /* LaunchScreen.storyboard */,
				2246218122218D0D00AB779D /* Info.plist */,
			);
			path = China;
			sourceTree = "<group>";
		};
		2246218922218D0D00AB779D /* ChinaTests */ = {
			isa = PBXGroup;
			children = (
				2246218A22218D0D00AB779D /* ChinaTests.swift */,
				2246218C22218D0D00AB779D /* Info.plist */,
			);
			path = ChinaTests;
			sourceTree = "<group>";
		};
		2246219422218D0D00AB779D /* ChinaUITests */ = {
			isa = PBXGroup;
			children = (
				2246219522218D0D00AB779D /* ChinaUITests.swift */,
				2246219722218D0D00AB779D /* Info.plist */,
			);
			path = ChinaUITests;
			sourceTree = "<group>";
		};
/* End PBXGroup section */

/* Begin PBXNativeTarget section */
		2246217122218D0B00AB779D /* China */ = {
			isa = PBXNativeTarget;
			buildConfigurationList = 2246219A22218D0D00AB779D /* Build configuration list for PBXNativeTarget "China" */;
			buildPhases = (
				2246216E22218D0B00AB779D /* Sources */,
				2246216F22218D0B00AB779D /* Frameworks */,
				2246217022218D0B00AB779D /* Resources */,
			);
			buildRules = (
			);
			dependencies = (
			);
			name = China;
			productName = China;
			productReference = 2246217222218D0B00AB779D /* China.app */;
			productType = "com.apple.product-type.application";
		};
		2246218522218D0D00AB779D /* ChinaTests */ = {
			isa = PBXNativeTarget;
			buildConfigurationList = 2246219D22218D0D00AB779D /* Build configuration list for PBXNativeTarget "ChinaTests" */;
			buildPhases = (
				2246218222218D0D00AB779D /* Sources */,
				2246218322218D0D00AB779D /* Frameworks */,
				2246218422218D0D00AB779D /* Resources */,
			);
			buildRules = (
			);
			dependencies = (
				2246218822218D0D00AB779D /* PBXTargetDependency */,
			);
			name = ChinaTests;
			productName = ChinaTests;
			productReference = 2246218622218D0D00AB779D /* ChinaTests.xctest */;
			productType = "com.apple.product-type.bundle.unit-test";
		};
		2246219022218D0D00AB779D /* ChinaUITests */ = {
			isa = PBXNativeTarget;
			buildConfigurationList = 224621A022218D0D00AB779D /* Build configuration list for PBXNativeTarget "ChinaUITests" */;
			buildPhases = (
				2246218D22218D0D00AB779D /* Sources */,
				2246218E22218D0D00AB779D /* Frameworks */,
				2246218F22218D0D00AB779D /* Resources */,
			);
			buildRules = (
			);
			dependencies = (
				2246219322218D0D00AB779D /* PBXTargetDependency */,
			);
			name = ChinaUITests;
			productName = ChinaUITests;
			productReference = 2246219122218D0D00AB779D /* ChinaUITests.xctest */;
			productType = "com.apple.product-type.bundle.ui-testing";
		};
/* End PBXNativeTarget section */

/* Begin PBXProject section */
		2246216A22218D0B00AB779D /* Project object */ = {
			isa = PBXProject;
			attributes = {
				LastSwiftUpdateCheck = 1010;
				LastUpgradeCheck = 1010;
				ORGANIZATIONNAME = "new torigoe";
				TargetAttributes = {
					2246217122218D0B00AB779D = {
						CreatedOnToolsVersion = 10.1;
					};
					2246218522218D0D00AB779D = {
						CreatedOnToolsVersion = 10.1;
						TestTargetID = 2246217122218D0B00AB779D;
					};
					2246219022218D0D00AB779D = {
						CreatedOnToolsVersion = 10.1;
						TestTargetID = 2246217122218D0B00AB779D;
					};
				};
			};
			buildConfigurationList = 2246216D22218D0B00AB779D /* Build configuration list for PBXProject "China" */;
			compatibilityVersion = "Xcode 9.3";
			developmentRegion = en;
			hasScannedForEncodings = 0;
			knownRegions = (
				en,
				Base,
			);
			mainGroup = 2246216922218D0B00AB779D;
			productRefGroup = 2246217322218D0B00AB779D /* Products */;
			projectDirPath = "";
			projectRoot = "";
			targets = (
				2246217122218D0B00AB779D /* China */,
				2246218522218D0D00AB779D /* ChinaTests */,
				2246219022218D0D00AB779D /* ChinaUITests */,
			);
		};
/* End PBXProject section */

/* Begin PBXResourcesBuildPhase section */
		2246217022218D0B00AB779D /* Resources */ = {
			isa = PBXResourcesBuildPhase;
			buildActionMask = 2147483647;
			files = (
				2246218022218D0D00AB779D /* LaunchScreen.storyboard in Resources */,
				2246217D22218D0D00AB779D /* Assets.xcassets in Resources */,
				2246217B22218D0B00AB779D /* Main.storyboard in Resources */,
			);
			runOnlyForDeploymentPostprocessing = 0;
		};
		2246218422218D0D00AB779D /* Resources */ = {
			isa = PBXResourcesBuildPhase;
			buildActionMask = 2147483647;
			files = (
			);
			runOnlyForDeploymentPostprocessing = 0;
		};
		2246218F22218D0D00AB779D /* Resources */ = {
			isa = PBXResourcesBuildPhase;
			buildActionMask = 2147483647;
			files = (
			);
			runOnlyForDeploymentPostprocessing = 0;
		};
/* End PBXResourcesBuildPhase section */

/* Begin PBXSourcesBuildPhase section */
		2246216E22218D0B00AB779D /* Sources */ = {
			isa = PBXSourcesBuildPhase;
			buildActionMask = 2147483647;
			files = (
				2246217822218D0B00AB779D /* ViewController.swift in Sources */,
				2246217622218D0B00AB779D /* AppDelegate.swift in Sources */,
			);
			runOnlyForDeploymentPostprocessing = 0;
		};
		2246218222218D0D00AB779D /* Sources */ = {
			isa = PBXSourcesBuildPhase;
			buildActionMask = 2147483647;
			files = (
				2246218B22218D0D00AB779D /* ChinaTests.swift in Sources */,
			);
			runOnlyForDeploymentPostprocessing = 0;
		};
		2246218D22218D0D00AB779D /* Sources */ = {
			isa = PBXSourcesBuildPhase;
			buildActionMask = 2147483647;
			files = (
				2246219622218D0D00AB779D /* ChinaUITests.swift in Sources */,
			);
			runOnlyForDeploymentPostprocessing = 0;
		};
/* End PBXSourcesBuildPhase section */

/* Begin PBXTargetDependency section */
		2246218822218D0D00AB779D /* PBXTargetDependency */ = {
			isa = PBXTargetDependency;
			target = 2246217122218D0B00AB779D /* China */;
			targetProxy = 2246218722218D0D00AB779D /* PBXContainerItemProxy */;
		};
		2246219322218D0D00AB779D /* PBXTargetDependency */ = {
			isa = PBXTargetDependency;
			target = 2246217122218D0B00AB779D /* China */;
			targetProxy = 2246219222218D0D00AB779D /* PBXContainerItemProxy */;
		};
/* End PBXTargetDependency section */

/* Begin PBXVariantGroup section */
		2246217922218D0B00AB779D /* Main.storyboard */ = {
			isa = PBXVariantGroup;
			children = (
				2246217A22218D0B00AB779D /* Base */,
			);
			name = Main.storyboard;
			sourceTree = "<group>";
		};
		2246217E22218D0D00AB779D /* LaunchScreen.storyboard */ = {
			isa = PBXVariantGroup;
			children = (
				2246217F22218D0D00AB779D /* Base */,
			);
			name = LaunchScreen.storyboard;
			sourceTree = "<group>";
		};
/* End PBXVariantGroup section */

/* Begin XCBuildConfiguration section */
		2246219822218D0D00AB779D /* Debug */ = {
			isa = XCBuildConfiguration;
			buildSettings = {
				ALWAYS_SEARCH_USER_PATHS = NO;
				CLANG_ANALYZER_NONNULL = YES;
				CLANG_ANALYZER_NUMBER_OBJECT_CONVERSION = YES_AGGRESSIVE;
				CLANG_CXX_LANGUAGE_STANDARD = "gnu++14";
				CLANG_CXX_LIBRARY = "libc++";
				CLANG_ENABLE_MODULES = YES;
				CLANG_ENABLE_OBJC_ARC = YES;
				CLANG_ENABLE_OBJC_WEAK = YES;
				CLANG_WARN_BLOCK_CAPTURE_AUTORELEASING = YES;
				CLANG_WARN_BOOL_CONVERSION = YES;
				CLANG_WARN_COMMA = YES;
				CLANG_WARN_CONSTANT_CONVERSION = YES;
				CLANG_WARN_DEPRECATED_OBJC_IMPLEMENTATIONS = YES;
				CLANG_WARN_DIRECT_OBJC_ISA_USAGE = YES_ERROR;
				CLANG_WARN_DOCUMENTATION_COMMENTS = YES;
				CLANG_WARN_EMPTY_BODY = YES;
				CLANG_WARN_ENUM_CONVERSION = YES;
				CLANG_WARN_INFINITE_RECURSION = YES;
				CLANG_WARN_INT_CONVERSION = YES;
				CLANG_WARN_NON_LITERAL_NULL_CONVERSION = YES;
				CLANG_WARN_OBJC_IMPLICIT_RETAIN_SELF = YES;
				CLANG_WARN_OBJC_LITERAL_CONVERSION = YES;
				CLANG_WARN_OBJC_ROOT_CLASS = YES_ERROR;
				CLANG_WARN_RANGE_LOOP_ANALYSIS = YES;
				CLANG_WARN_STRICT_PROTOTYPES = YES;
				CLANG_WARN_SUSPICIOUS_MOVE = YES;
				CLANG_WARN_UNGUARDED_AVAILABILITY = YES_AGGRESSIVE;
				CLANG_WARN_UNREACHABLE_CODE = YES;
				CLANG_WARN__DUPLICATE_METHOD_MATCH = YES;
				CODE_SIGN_IDENTITY = "iPhone Developer";
				COPY_PHASE_STRIP = NO;
				DEBUG_INFORMATION_FORMAT = dwarf;
				ENABLE_STRICT_OBJC_MSGSEND = YES;
				ENABLE_TESTABILITY = YES;
				GCC_C_LANGUAGE_STANDARD = gnu11;
				GCC_DYNAMIC_NO_PIC = NO;
				GCC_NO_COMMON_BLOCKS = YES;
				GCC_OPTIMIZATION_LEVEL = 0;
				GCC_PREPROCESSOR_DEFINITIONS = (
					"DEBUG=1",
					"$(inherited)",
				);
				GCC_WARN_64_TO_32_BIT_CONVERSION = YES;
				GCC_WARN_ABOUT_RETURN_TYPE = YES_ERROR;
				GCC_WARN_UNDECLARED_SELECTOR = YES;
				GCC_WARN_UNINITIALIZED_AUTOS = YES_AGGRESSIVE;
				GCC_WARN_UNUSED_FUNCTION = YES;
				GCC_WARN_UNUSED_VARIABLE = YES;
				IPHONEOS_DEPLOYMENT_TARGET = 12.1;
				MTL_ENABLE_DEBUG_INFO = INCLUDE_SOURCE;
				MTL_FAST_MATH = YES;
				ONLY_ACTIVE_ARCH = YES;
				SDKROOT = iphoneos;
				SWIFT_ACTIVE_COMPILATION_CONDITIONS = DEBUG;
				SWIFT_OPTIMIZATION_LEVEL = "-Onone";
			};
			name = Debug;
		};
		2246219922218D0D00AB779D /* Release */ = {
			isa = XCBuildConfiguration;
			buildSettings = {
				ALWAYS_SEARCH_USER_PATHS = NO;
				CLANG_ANALYZER_NONNULL = YES;
				CLANG_ANALYZER_NUMBER_OBJECT_CONVERSION = YES_AGGRESSIVE;
				CLANG_CXX_LANGUAGE_STANDARD = "gnu++14";
				CLANG_CXX_LIBRARY = "libc++";
				CLANG_ENABLE_MODULES = YES;
				CLANG_ENABLE_OBJC_ARC = YES;
				CLANG_ENABLE_OBJC_WEAK = YES;
				CLANG_WARN_BLOCK_CAPTURE_AUTORELEASING = YES;
				CLANG_WARN_BOOL_CONVERSION = YES;
				CLANG_WARN_COMMA = YES;
				CLANG_WARN_CONSTANT_CONVERSION = YES;
				CLANG_WARN_DEPRECATED_OBJC_IMPLEMENTATIONS = YES;
				CLANG_WARN_DIRECT_OBJC_ISA_USAGE = YES_ERROR;
				CLANG_WARN_DOCUMENTATION_COMMENTS = YES;
				CLANG_WARN_EMPTY_BODY = YES;
				CLANG_WARN_ENUM_CONVERSION = YES;
				CLANG_WARN_INFINITE_RECURSION = YES;
				CLANG_WARN_INT_CONVERSION = YES;
				CLANG_WARN_NON_LITERAL_NULL_CONVERSION = YES;
				CLANG_WARN_OBJC_IMPLICIT_RETAIN_SELF = YES;
				CLANG_WARN_OBJC_LITERAL_CONVERSION = YES;
				CLANG_WARN_OBJC_ROOT_CLASS = YES_ERROR;
				CLANG_WARN_RANGE_LOOP_ANALYSIS = YES;
				CLANG_WARN_STRICT_PROTOTYPES = YES;
				CLANG_WARN_SUSPICIOUS_MOVE = YES;
				CLANG_WARN_UNGUARDED_AVAILABILITY = YES_AGGRESSIVE;
				CLANG_WARN_UNREACHABLE_CODE = YES;
				CLANG_WARN__DUPLICATE_METHOD_MATCH = YES;
				CODE_SIGN_IDENTITY = "iPhone Developer";
				COPY_PHASE_STRIP = NO;
				DEBUG_INFORMATION_FORMAT = "dwarf-with-dsym";
				ENABLE_NS_ASSERTIONS = NO;
				ENABLE_STRICT_OBJC_MSGSEND = YES;
				GCC_C_LANGUAGE_STANDARD = gnu11;
				GCC_NO_COMMON_BLOCKS = YES;
				GCC_WARN_64_TO_32_BIT_CONVERSION = YES;
				GCC_WARN_ABOUT_RETURN_TYPE = YES_ERROR;
				GCC_WARN_UNDECLARED_SELECTOR = YES;
				GCC_WARN_UNINITIALIZED_AUTOS = YES_AGGRESSIVE;
				GCC_WARN_UNUSED_FUNCTION = YES;
				GCC_WARN_UNUSED_VARIABLE = YES;
				IPHONEOS_DEPLOYMENT_TARGET = 12.1;
				MTL_ENABLE_DEBUG_INFO = NO;
				MTL_FAST_MATH = YES;
				SDKROOT = iphoneos;
				SWIFT_COMPILATION_MODE = wholemodule;
				SWIFT_OPTIMIZATION_LEVEL = "-O";
				VALIDATE_PRODUCT = YES;
			};
			name = Release;
		};
		2246219B22218D0D00AB779D /* Debug */ = {
			isa = XCBuildConfiguration;
			buildSettings = {
				ASSETCATALOG_COMPILER_APPICON_NAME = AppIcon;
				CODE_SIGN_STYLE = Automatic;
				DEVELOPMENT_TEAM = 62L6WWA2RQ;
				INFOPLIST_FILE = China/Info.plist;
				LD_RUNPATH_SEARCH_PATHS = (
					"$(inherited)",
					"@executable_path/Frameworks",
				);
				PRODUCT_BUNDLE_IDENTIFIER = jp.china.China;
				PRODUCT_NAME = "$(TARGET_NAME)";
				SWIFT_VERSION = 4.2;
				TARGETED_DEVICE_FAMILY = "1,2";
			};
			name = Debug;
		};
		2246219C22218D0D00AB779D /* Release */ = {
			isa = XCBuildConfiguration;
			buildSettings = {
				ASSETCATALOG_COMPILER_APPICON_NAME = AppIcon;
				CODE_SIGN_STYLE = Automatic;
				DEVELOPMENT_TEAM = 62L6WWA2RQ;
				INFOPLIST_FILE = China/Info.plist;
				LD_RUNPATH_SEARCH_PATHS = (
					"$(inherited)",
					"@executable_path/Frameworks",
				);
				PRODUCT_BUNDLE_IDENTIFIER = jp.china.China;
				PRODUCT_NAME = "$(TARGET_NAME)";
				SWIFT_VERSION = 4.2;
				TARGETED_DEVICE_FAMILY = "1,2";
			};
			name = Release;
		};
		2246219E22218D0D00AB779D /* Debug */ = {
			isa = XCBuildConfiguration;
			buildSettings = {
				ALWAYS_EMBED_SWIFT_STANDARD_LIBRARIES = YES;
				BUNDLE_LOADER = "$(TEST_HOST)";
				CODE_SIGN_STYLE = Automatic;
				DEVELOPMENT_TEAM = 62L6WWA2RQ;
				INFOPLIST_FILE = ChinaTests/Info.plist;
				LD_RUNPATH_SEARCH_PATHS = (
					"$(inherited)",
					"@executable_path/Frameworks",
					"@loader_path/Frameworks",
				);
				PRODUCT_BUNDLE_IDENTIFIER = jp.china.ChinaTests;
				PRODUCT_NAME = "$(TARGET_NAME)";
				SWIFT_VERSION = 4.2;
				TARGETED_DEVICE_FAMILY = "1,2";
				TEST_HOST = "$(BUILT_PRODUCTS_DIR)/China.app/China";
			};
			name = Debug;
		};
		2246219F22218D0D00AB779D /* Release */ = {
			isa = XCBuildConfiguration;
			buildSettings = {
				ALWAYS_EMBED_SWIFT_STANDARD_LIBRARIES = YES;
				BUNDLE_LOADER = "$(TEST_HOST)";
				CODE_SIGN_STYLE = Automatic;
				DEVELOPMENT_TEAM = 62L6WWA2RQ;
				INFOPLIST_FILE = ChinaTests/Info.plist;
				LD_RUNPATH_SEARCH_PATHS = (
					"$(inherited)",
					"@executable_path/Frameworks",
					"@loader_path/Frameworks",
				);
				PRODUCT_BUNDLE_IDENTIFIER = jp.china.ChinaTests;
				PRODUCT_NAME = "$(TARGET_NAME)";
				SWIFT_VERSION = 4.2;
				TARGETED_DEVICE_FAMILY = "1,2";
				TEST_HOST = "$(BUILT_PRODUCTS_DIR)/China.app/China";
			};
			name = Release;
		};
		224621A122218D0D00AB779D /* Debug */ = {
			isa = XCBuildConfiguration;
			buildSettings = {
				ALWAYS_EMBED_SWIFT_STANDARD_LIBRARIES = YES;
				CODE_SIGN_STYLE = Automatic;
				DEVELOPMENT_TEAM = 62L6WWA2RQ;
				INFOPLIST_FILE = ChinaUITests/Info.plist;
				LD_RUNPATH_SEARCH_PATHS = (
					"$(inherited)",
					"@executable_path/Frameworks",
					"@loader_path/Frameworks",
				);
				PRODUCT_BUNDLE_IDENTIFIER = jp.china.ChinaUITests;
				PRODUCT_NAME = "$(TARGET_NAME)";
				SWIFT_VERSION = 4.2;
				TARGETED_DEVICE_FAMILY = "1,2";
				TEST_TARGET_NAME = China;
			};
			name = Debug;
		};
		224621A222218D0D00AB779D /* Release */ = {
			isa = XCBuildConfiguration;
			buildSettings = {
				ALWAYS_EMBED_SWIFT_STANDARD_LIBRARIES = YES;
				CODE_SIGN_STYLE = Automatic;
				DEVELOPMENT_TEAM = 62L6WWA2RQ;
				INFOPLIST_FILE = ChinaUITests/Info.plist;
				LD_RUNPATH_SEARCH_PATHS = (
					"$(inherited)",
					"@executable_path/Frameworks",
					"@loader_path/Frameworks",
				);
				PRODUCT_BUNDLE_IDENTIFIER = jp.china.ChinaUITests;
				PRODUCT_NAME = "$(TARGET_NAME)";
				SWIFT_VERSION = 4.2;
				TARGETED_DEVICE_FAMILY = "1,2";
				TEST_TARGET_NAME = China;
			};
			name = Release;
		};
/* End XCBuildConfiguration section */

/* Begin XCConfigurationList section */
		2246216D22218D0B00AB779D /* Build configuration list for PBXProject "China" */ = {
			isa = XCConfigurationList;
			buildConfigurations = (
				2246219822218D0D00AB779D /* Debug */,
				2246219922218D0D00AB779D /* Release */,
			);
			defaultConfigurationIsVisible = 0;
			defaultConfigurationName = Release;
		};
		2246219A22218D0D00AB779D /* Build configuration list for PBXNativeTarget "China" */ = {
			isa = XCConfigurationList;
			buildConfigurations = (
				2246219B22218D0D00AB779D /* Debug */,
				2246219C22218D0D00AB779D /* Release */,
			);
			defaultConfigurationIsVisible = 0;
			defaultConfigurationName = Release;
		};
		2246219D22218D0D00AB779D /* Build configuration list for PBXNativeTarget "ChinaTests" */ = {
			isa = XCConfigurationList;
			buildConfigurations = (
				2246219E22218D0D00AB779D /* Debug */,
				2246219F22218D0D00AB779D /* Release */,
			);
			defaultConfigurationIsVisible = 0;
			defaultConfigurationName = Release;
		};
		224621A022218D0D00AB779D /* Build configuration list for PBXNativeTarget "ChinaUITests" */ = {
			isa = XCConfigurationList;
			buildConfigurations = (
				224621A122218D0D00AB779D /* Debug */,
				224621A222218D0D00AB779D /* Release */,
			);
			defaultConfigurationIsVisible = 0;
			defaultConfigurationName = Release;
		};
/* End XCConfigurationList section */
	};
	rootObject = 2246216A22218D0B00AB779D /* Project object */;
}
